{
    "version": 3,
    "terraform_version": "0.8.6",
    "serial": 15,
    "lineage": "068227b9-2daa-404e-b272-ce8e049e496b",
    "modules": [
        {
            "path": [
                "root"
            ],
            "outputs": {
                "slave-worker-pair1": {
                    "sensitive": false,
                    "type": "list",
                    "value": [
                        "10.40.207.147",
                        "10.1.1.4",
                        "10.1.1.3"
                    ]
                },
                "slave-worker-pair2": {
                    "sensitive": false,
                    "type": "list",
                    "value": [
                        "10.40.207.146",
                        "10.1.1.6",
                        "10.1.1.5"
                    ]
                }
            },
            "resources": {},
            "depends_on": []
        },
        {
            "path": [
                "root",
                "Infra"
            ],
            "outputs": {
                "get_ext_pool_id": {
                    "sensitive": false,
                    "type": "string",
                    "value": "ext-net"
                },
                "get_network_id": {
                    "sensitive": false,
                    "type": "string",
                    "value": "477d0506-cbc9-4706-adc7-62118eaccf07"
                },
                "get_openstack_auth_url": {
                    "sensitive": false,
                    "type": "string",
                    "value": "https://10.40.206.155:5000/v2.0"
                },
                "get_openstack_domain_id": {
                    "sensitive": false,
                    "type": "string",
                    "value": "default"
                },
                "get_openstack_insecure": {
                    "sensitive": false,
                    "type": "string",
                    "value": "True"
                },
                "get_openstack_keypair_name": {
                    "sensitive": false,
                    "type": "string",
                    "value": "jenkins_server"
                },
                "get_openstack_keypair_public_key": {
                    "sensitive": false,
                    "type": "string",
                    "value": "ssh-rsa AAAAB3NzaC1yc2EAAAADAQABAAABAQCi3AA2bA7KNRexXQn97a0eGcP2+3QUy7IvQlCG8TJsejE56t8AOQjG75HaS8ziN8DW0cxkcGydGaYONCdPgVjYJP6DVjTVNQJEAWsOXkHq6U03E22we7csQTUA3i7DQFy8be8DMZ5EoiTx4z7dZp7nJsaFtsqXYMGFC+L16xA/zi+GXoFyV67cgq97jeJO3FOlQ/zM5ntORT4CGMK0Gyme6pNbBPjp9cgWVB4uWgcivuNPI8p48hX/I8ixKoUbR8pytx15ndFFQrij3yfdfunbB+TpGfx/2tylrGl41Ggs3I4CPwgXIniqxsdJUyDjOdUFurMuUgk5gMaE0yOkz7uf jenkins@jenkins"
                },
                "get_openstack_password": {
                    "sensitive": false,
                    "type": "string",
                    "value": "VMware1!"
                },
                "get_openstack_tenant_name": {
                    "sensitive": false,
                    "type": "string",
                    "value": "Test"
                },
                "get_openstack_user_name": {
                    "sensitive": false,
                    "type": "string",
                    "value": "admin"
                }
            },
            "resources": {
                "openstack_compute_keypair_v2.keypair": {
                    "type": "openstack_compute_keypair_v2",
                    "depends_on": [],
                    "primary": {
                        "id": "jenkins_server",
                        "attributes": {
                            "id": "jenkins_server",
                            "name": "jenkins_server",
                            "public_key": "ssh-rsa AAAAB3NzaC1yc2EAAAADAQABAAABAQCi3AA2bA7KNRexXQn97a0eGcP2+3QUy7IvQlCG8TJsejE56t8AOQjG75HaS8ziN8DW0cxkcGydGaYONCdPgVjYJP6DVjTVNQJEAWsOXkHq6U03E22we7csQTUA3i7DQFy8be8DMZ5EoiTx4z7dZp7nJsaFtsqXYMGFC+L16xA/zi+GXoFyV67cgq97jeJO3FOlQ/zM5ntORT4CGMK0Gyme6pNbBPjp9cgWVB4uWgcivuNPI8p48hX/I8ixKoUbR8pytx15ndFFQrij3yfdfunbB+TpGfx/2tylrGl41Ggs3I4CPwgXIniqxsdJUyDjOdUFurMuUgk5gMaE0yOkz7uf jenkins@jenkins",
                            "region": ""
                        },
                        "meta": {},
                        "tainted": false
                    },
                    "deposed": [],
                    "provider": ""
                },
                "openstack_networking_network_v2.Infra_Network": {
                    "type": "openstack_networking_network_v2",
                    "depends_on": [],
                    "primary": {
                        "id": "477d0506-cbc9-4706-adc7-62118eaccf07",
                        "attributes": {
                            "admin_state_up": "true",
                            "id": "477d0506-cbc9-4706-adc7-62118eaccf07",
                            "name": "Infra_Network",
                            "region": "",
                            "shared": "false",
                            "tenant_id": "f0e9879f72ad4845859696bb19ad0733"
                        },
                        "meta": {},
                        "tainted": false
                    },
                    "deposed": [],
                    "provider": ""
                },
                "openstack_networking_router_interface_v2.Infra_Router_Infra_Network": {
                    "type": "openstack_networking_router_interface_v2",
                    "depends_on": [
                        "openstack_networking_router_v2.Infra_Router",
                        "openstack_networking_subnet_v2.Infra_Subnet"
                    ],
                    "primary": {
                        "id": "1a4fd181-afda-4bdd-8b8d-360b300250fd",
                        "attributes": {
                            "id": "1a4fd181-afda-4bdd-8b8d-360b300250fd",
                            "router_id": "580fbf02-5350-4378-a671-66e869084a52",
                            "subnet_id": "2c6b2916-cf71-453c-b21a-00b31b736679"
                        },
                        "meta": {},
                        "tainted": false
                    },
                    "deposed": [],
                    "provider": ""
                },
                "openstack_networking_router_v2.Infra_Router": {
                    "type": "openstack_networking_router_v2",
                    "depends_on": [],
                    "primary": {
                        "id": "580fbf02-5350-4378-a671-66e869084a52",
                        "attributes": {
                            "admin_state_up": "true",
                            "distributed": "false",
                            "external_gateway": "d5c89e0d-75e0-4806-867a-19ece99226f0",
                            "id": "580fbf02-5350-4378-a671-66e869084a52",
                            "name": "Infra-Router",
                            "tenant_id": "f0e9879f72ad4845859696bb19ad0733"
                        },
                        "meta": {},
                        "tainted": false
                    },
                    "deposed": [],
                    "provider": ""
                },
                "openstack_networking_subnet_v2.Infra_Subnet": {
                    "type": "openstack_networking_subnet_v2",
                    "depends_on": [
                        "openstack_networking_network_v2.Infra_Network"
                    ],
                    "primary": {
                        "id": "2c6b2916-cf71-453c-b21a-00b31b736679",
                        "attributes": {
                            "allocation_pools.#": "1",
                            "allocation_pools.0.end": "10.1.1.254",
                            "allocation_pools.0.start": "10.1.1.2",
                            "cidr": "10.1.1.0/24",
                            "dns_nameservers.#": "2",
                            "dns_nameservers.3348221913": "10.20.20.1",
                            "dns_nameservers.3817307869": "8.8.8.8",
                            "enable_dhcp": "true",
                            "gateway_ip": "10.1.1.1",
                            "host_routes.#": "0",
                            "id": "2c6b2916-cf71-453c-b21a-00b31b736679",
                            "ip_version": "4",
                            "name": "Infra_Subnet",
                            "network_id": "477d0506-cbc9-4706-adc7-62118eaccf07",
                            "region": "",
                            "tenant_id": "f0e9879f72ad4845859696bb19ad0733"
                        },
                        "meta": {},
                        "tainted": false
                    },
                    "deposed": [],
                    "provider": ""
                }
            },
            "depends_on": []
        },
        {
            "path": [
                "root",
                "slave-worker-pair1"
            ],
            "outputs": {
                "FIP": {
                    "sensitive": false,
                    "type": "list",
                    "value": [
                        "10.40.207.147"
                    ]
                },
                "SlaveIP": {
                    "sensitive": false,
                    "type": "list",
                    "value": [
                        "10.1.1.4"
                    ]
                },
                "WorkerIP": {
                    "sensitive": false,
                    "type": "list",
                    "value": [
                        "10.1.1.3"
                    ]
                }
            },
            "resources": {
                "data.template_file.script": {
                    "type": "template_file",
                    "depends_on": [],
                    "primary": {
                        "id": "72a552d512e34c21bd2accc612da866de0d7d6b68ec36107c97288ea97b6bdeb",
                        "attributes": {
                            "id": "72a552d512e34c21bd2accc612da866de0d7d6b68ec36107c97288ea97b6bdeb",
                            "rendered": "#!/bin/bash\n\nwget https://repo.jenkins-ci.org/releases/org/jenkins-ci/plugins/swarm-client/3.3/swarm-client-3.3.jar\njava -jar swarm-client-3.3.jar -name slave1 -master http://10.126.236.186:8080 -password VMware1! -username abbasia \u0026\n",
                            "template": "#!/bin/bash\n\nwget https://repo.jenkins-ci.org/releases/org/jenkins-ci/plugins/swarm-client/3.3/swarm-client-3.3.jar\njava -jar swarm-client-3.3.jar -name slave1 -master http://10.126.236.186:8080 -password VMware1! -username abbasia \u0026\n"
                        },
                        "meta": {},
                        "tainted": false
                    },
                    "deposed": [],
                    "provider": ""
                },
                "openstack_compute_floatingip_v2.Slave1_ip": {
                    "type": "openstack_compute_floatingip_v2",
                    "depends_on": [],
                    "primary": {
                        "id": "c27b6494-40c1-4ead-92ab-0b4c0fdfae62",
                        "attributes": {
                            "address": "10.40.207.147",
                            "fixed_ip": "",
                            "id": "c27b6494-40c1-4ead-92ab-0b4c0fdfae62",
                            "instance_id": "",
                            "pool": "ext-net",
                            "region": ""
                        },
                        "meta": {},
                        "tainted": false
                    },
                    "deposed": [],
                    "provider": ""
                },
                "openstack_compute_instance_v2.Slave1": {
                    "type": "openstack_compute_instance_v2",
                    "depends_on": [
                        "data.template_file.script",
                        "openstack_compute_floatingip_v2.Slave1_ip"
                    ],
                    "primary": {
                        "id": "b6aae994-0038-460a-aae9-e3d39ef9065e",
                        "attributes": {
                            "access_ip_v4": "10.1.1.4",
                            "access_ip_v6": "",
                            "flavor_id": "f6aaeecf-ffb5-4feb-93f5-50d3c28f0712",
                            "flavor_name": "Dev-4vcpu-16mem-250Gb",
                            "id": "b6aae994-0038-460a-aae9-e3d39ef9065e",
                            "image_id": "728d255d-7d19-4c0b-a235-1c6eb3130057",
                            "image_name": "ubuntu-dev01",
                            "key_pair": "jenkins_server",
                            "metadata.%": "0",
                            "name": "slave02",
                            "network.#": "1",
                            "network.0.access_network": "false",
                            "network.0.fixed_ip_v4": "10.1.1.4",
                            "network.0.fixed_ip_v6": "",
                            "network.0.floating_ip": "10.40.207.147",
                            "network.0.mac": "fa:16:3e:9a:83:46",
                            "network.0.name": "Infra_Network",
                            "network.0.port": "",
                            "network.0.uuid": "477d0506-cbc9-4706-adc7-62118eaccf07",
                            "security_groups.#": "1",
                            "security_groups.3814588639": "default",
                            "stop_before_destroy": "false",
                            "user_data": "832e788a7b1a5b89f6b198dd1fe58fb0d2ff315c",
                            "volume.#": "0"
                        },
                        "meta": {},
                        "tainted": false
                    },
                    "deposed": [],
                    "provider": ""
                },
                "openstack_compute_instance_v2.Worker1": {
                    "type": "openstack_compute_instance_v2",
                    "depends_on": [],
                    "primary": {
                        "id": "9cd7df4f-5c75-4a48-99fd-909be67f8a6f",
                        "attributes": {
                            "access_ip_v4": "10.1.1.3",
                            "access_ip_v6": "",
                            "flavor_id": "2554892a-b804-4223-892f-09eeaf5f742d",
                            "flavor_name": "ESXi-4vcpu-32mem-50gb",
                            "id": "9cd7df4f-5c75-4a48-99fd-909be67f8a6f",
                            "image_id": "a6b5495f-046c-42d5-84be-3572d8c9f463",
                            "image_name": "esxi-6.0-u2-4192238",
                            "metadata.%": "0",
                            "name": "worker02",
                            "network.#": "1",
                            "network.0.access_network": "false",
                            "network.0.fixed_ip_v4": "10.1.1.3",
                            "network.0.fixed_ip_v6": "",
                            "network.0.floating_ip": "",
                            "network.0.mac": "fa:16:3e:79:3d:e9",
                            "network.0.name": "Infra_Network",
                            "network.0.port": "",
                            "network.0.uuid": "477d0506-cbc9-4706-adc7-62118eaccf07",
                            "security_groups.#": "1",
                            "security_groups.3814588639": "default",
                            "stop_before_destroy": "false",
                            "volume.#": "0"
                        },
                        "meta": {},
                        "tainted": false
                    },
                    "deposed": [],
                    "provider": ""
                }
            },
            "depends_on": []
        },
        {
            "path": [
                "root",
                "slave-worker-pair2"
            ],
            "outputs": {
                "FIP": {
                    "sensitive": false,
                    "type": "list",
                    "value": [
                        "10.40.207.146"
                    ]
                },
                "SlaveIP": {
                    "sensitive": false,
                    "type": "list",
                    "value": [
                        "10.1.1.6"
                    ]
                },
                "WorkerIP": {
                    "sensitive": false,
                    "type": "list",
                    "value": [
                        "10.1.1.5"
                    ]
                }
            },
            "resources": {
                "data.template_file.script": {
                    "type": "template_file",
                    "depends_on": [],
                    "primary": {
                        "id": "72a552d512e34c21bd2accc612da866de0d7d6b68ec36107c97288ea97b6bdeb",
                        "attributes": {
                            "id": "72a552d512e34c21bd2accc612da866de0d7d6b68ec36107c97288ea97b6bdeb",
                            "rendered": "#!/bin/bash\n\nwget https://repo.jenkins-ci.org/releases/org/jenkins-ci/plugins/swarm-client/3.3/swarm-client-3.3.jar\njava -jar swarm-client-3.3.jar -name slave1 -master http://10.126.236.186:8080 -password VMware1! -username abbasia \u0026\n",
                            "template": "#!/bin/bash\n\nwget https://repo.jenkins-ci.org/releases/org/jenkins-ci/plugins/swarm-client/3.3/swarm-client-3.3.jar\njava -jar swarm-client-3.3.jar -name slave1 -master http://10.126.236.186:8080 -password VMware1! -username abbasia \u0026\n"
                        },
                        "meta": {},
                        "tainted": false
                    },
                    "deposed": [],
                    "provider": ""
                },
                "openstack_compute_floatingip_v2.Slave1_ip": {
                    "type": "openstack_compute_floatingip_v2",
                    "depends_on": [],
                    "primary": {
                        "id": "0162afe0-2132-4e12-a921-130ccb01c6a9",
                        "attributes": {
                            "address": "10.40.207.146",
                            "fixed_ip": "",
                            "id": "0162afe0-2132-4e12-a921-130ccb01c6a9",
                            "instance_id": "",
                            "pool": "ext-net",
                            "region": ""
                        },
                        "meta": {},
                        "tainted": false
                    },
                    "deposed": [],
                    "provider": ""
                },
                "openstack_compute_instance_v2.Slave1": {
                    "type": "openstack_compute_instance_v2",
                    "depends_on": [
                        "data.template_file.script",
                        "openstack_compute_floatingip_v2.Slave1_ip"
                    ],
                    "primary": {
                        "id": "e41d0514-fcfd-4255-8bc9-d28183e651f9",
                        "attributes": {
                            "access_ip_v4": "10.1.1.6",
                            "access_ip_v6": "",
                            "flavor_id": "f6aaeecf-ffb5-4feb-93f5-50d3c28f0712",
                            "flavor_name": "Dev-4vcpu-16mem-250Gb",
                            "id": "e41d0514-fcfd-4255-8bc9-d28183e651f9",
                            "image_id": "728d255d-7d19-4c0b-a235-1c6eb3130057",
                            "image_name": "ubuntu-dev01",
                            "key_pair": "jenkins_server",
                            "metadata.%": "0",
                            "name": "slave03",
                            "network.#": "1",
                            "network.0.access_network": "false",
                            "network.0.fixed_ip_v4": "10.1.1.6",
                            "network.0.fixed_ip_v6": "",
                            "network.0.floating_ip": "10.40.207.146",
                            "network.0.mac": "fa:16:3e:58:db:b3",
                            "network.0.name": "Infra_Network",
                            "network.0.port": "",
                            "network.0.uuid": "477d0506-cbc9-4706-adc7-62118eaccf07",
                            "security_groups.#": "1",
                            "security_groups.3814588639": "default",
                            "stop_before_destroy": "false",
                            "user_data": "832e788a7b1a5b89f6b198dd1fe58fb0d2ff315c",
                            "volume.#": "0"
                        },
                        "meta": {},
                        "tainted": false
                    },
                    "deposed": [],
                    "provider": ""
                },
                "openstack_compute_instance_v2.Worker1": {
                    "type": "openstack_compute_instance_v2",
                    "depends_on": [],
                    "primary": {
                        "id": "c0ad0f78-ddb0-4239-923b-5711b6d3f6be",
                        "attributes": {
                            "access_ip_v4": "10.1.1.5",
                            "access_ip_v6": "",
                            "flavor_id": "2554892a-b804-4223-892f-09eeaf5f742d",
                            "flavor_name": "ESXi-4vcpu-32mem-50gb",
                            "id": "c0ad0f78-ddb0-4239-923b-5711b6d3f6be",
                            "image_id": "a6b5495f-046c-42d5-84be-3572d8c9f463",
                            "image_name": "esxi-6.0-u2-4192238",
                            "metadata.%": "0",
                            "name": "worker03",
                            "network.#": "1",
                            "network.0.access_network": "false",
                            "network.0.fixed_ip_v4": "10.1.1.5",
                            "network.0.fixed_ip_v6": "",
                            "network.0.floating_ip": "",
                            "network.0.mac": "fa:16:3e:69:15:ce",
                            "network.0.name": "Infra_Network",
                            "network.0.port": "",
                            "network.0.uuid": "477d0506-cbc9-4706-adc7-62118eaccf07",
                            "security_groups.#": "1",
                            "security_groups.3814588639": "default",
                            "stop_before_destroy": "false",
                            "volume.#": "0"
                        },
                        "meta": {},
                        "tainted": false
                    },
                    "deposed": [],
                    "provider": ""
                }
            },
            "depends_on": []
        }
    ]
}
