{
    "version": 3,
    "terraform_version": "0.8.6",
    "serial": 4,
    "lineage": "57d4211f-44c4-4e19-8d33-3fc94c2f59ef",
    "modules": [
        {
            "path": [
                "root"
            ],
            "outputs": {},
            "resources": {},
            "depends_on": []
        },
        {
            "path": [
                "root",
                "slave-worker-pair1"
            ],
            "outputs": {
                "FIPs": {
                    "sensitive": false,
                    "type": "list",
                    "value": [
                        "10.40.207.243"
                    ]
                },
                "SlaveIps": {
                    "sensitive": false,
                    "type": "list",
                    "value": [
                        "10.1.1.6"
                    ]
                },
                "WorkerIps": {
                    "sensitive": false,
                    "type": "list",
                    "value": [
                        "10.1.1.5"
                    ]
                }
            },
            "resources": {
                "openstack_compute_floatingip_v2.Slave1_ip": {
                    "type": "openstack_compute_floatingip_v2",
                    "depends_on": [
                        "openstack_networking_network_v2.Infra_Network",
                        "openstack_networking_router_interface_v2.Infra_Router_Infra_Network",
                        "openstack_networking_router_v2.Infra_Router",
                        "openstack_networking_subnet_v2.Infra_Subnet"
                    ],
                    "primary": {
                        "id": "2f221638-7cb9-4650-955c-374f7c7cddb7",
                        "attributes": {
                            "address": "10.40.207.243",
                            "fixed_ip": "",
                            "id": "2f221638-7cb9-4650-955c-374f7c7cddb7",
                            "instance_id": "",
                            "pool": "ext-net",
                            "region": ""
                        },
                        "meta": {},
                        "tainted": false
                    },
                    "deposed": [],
                    "provider": ""
                },
                "openstack_compute_instance_v2.Slave1": {
                    "type": "openstack_compute_instance_v2",
                    "depends_on": [
                        "openstack_compute_floatingip_v2.Slave1_ip",
                        "openstack_compute_floatingip_v2.Slave1_ip",
                        "openstack_compute_keypair_v2.keypair",
                        "openstack_networking_network_v2.Infra_Network",
                        "openstack_networking_network_v2.Infra_Network",
                        "openstack_networking_router_interface_v2.Infra_Router_Infra_Network",
                        "openstack_networking_router_v2.Infra_Router",
                        "openstack_networking_subnet_v2.Infra_Subnet"
                    ],
                    "primary": {
                        "id": "57330df1-5f06-4417-b94b-60d4f9ddc3d2",
                        "attributes": {
                            "access_ip_v4": "10.1.1.6",
                            "access_ip_v6": "",
                            "flavor_id": "f6aaeecf-ffb5-4feb-93f5-50d3c28f0712",
                            "flavor_name": "Dev-4vcpu-16mem-250Gb",
                            "id": "57330df1-5f06-4417-b94b-60d4f9ddc3d2",
                            "image_id": "728d255d-7d19-4c0b-a235-1c6eb3130057",
                            "image_name": "ubuntu-dev01",
                            "key_pair": "jenkins_server1",
                            "metadata.%": "0",
                            "name": "Slave01",
                            "network.#": "1",
                            "network.0.access_network": "false",
                            "network.0.fixed_ip_v4": "10.1.1.6",
                            "network.0.fixed_ip_v6": "",
                            "network.0.floating_ip": "10.40.207.243",
                            "network.0.mac": "fa:16:3e:e7:78:e5",
                            "network.0.name": "Infra_Network",
                            "network.0.port": "",
                            "network.0.uuid": "2a812803-06aa-4396-bf19-7a1e64396615",
                            "security_groups.#": "1",
                            "security_groups.3814588639": "default",
                            "stop_before_destroy": "false",
                            "volume.#": "0"
                        },
                        "meta": {},
                        "tainted": false
                    },
                    "deposed": [],
                    "provider": ""
                },
                "openstack_compute_instance_v2.Worker1": {
                    "type": "openstack_compute_instance_v2",
                    "depends_on": [
                        "openstack_compute_keypair_v2.keypair",
                        "openstack_networking_network_v2.Infra_Network",
                        "openstack_networking_network_v2.Infra_Network",
                        "openstack_networking_router_interface_v2.Infra_Router_Infra_Network",
                        "openstack_networking_router_v2.Infra_Router",
                        "openstack_networking_subnet_v2.Infra_Subnet"
                    ],
                    "primary": {
                        "id": "c27168e6-7efb-44c2-b7be-fe1c157df7d2",
                        "attributes": {
                            "access_ip_v4": "10.1.1.5",
                            "access_ip_v6": "",
                            "flavor_id": "2554892a-b804-4223-892f-09eeaf5f742d",
                            "flavor_name": "ESXi-4vcpu-32mem-50gb",
                            "id": "c27168e6-7efb-44c2-b7be-fe1c157df7d2",
                            "image_id": "a6b5495f-046c-42d5-84be-3572d8c9f463",
                            "image_name": "esxi-6.0-u2-4192238",
                            "metadata.%": "0",
                            "name": "Worker01",
                            "network.#": "1",
                            "network.0.access_network": "false",
                            "network.0.fixed_ip_v4": "10.1.1.5",
                            "network.0.fixed_ip_v6": "",
                            "network.0.floating_ip": "",
                            "network.0.mac": "fa:16:3e:a0:ab:43",
                            "network.0.name": "Infra_Network",
                            "network.0.port": "",
                            "network.0.uuid": "2a812803-06aa-4396-bf19-7a1e64396615",
                            "security_groups.#": "1",
                            "security_groups.3814588639": "default",
                            "stop_before_destroy": "false",
                            "volume.#": "0"
                        },
                        "meta": {},
                        "tainted": false
                    },
                    "deposed": [],
                    "provider": ""
                },
                "openstack_compute_keypair_v2.keypair": {
                    "type": "openstack_compute_keypair_v2",
                    "depends_on": [],
                    "primary": {
                        "id": "jenkins_server1",
                        "attributes": {
                            "id": "jenkins_server1",
                            "name": "jenkins_server1",
                            "public_key": "ssh-rsa AAAAB3NzaC1yc2EAAAADAQABAAABAQCi3AA2bA7KNRexXQn97a0eGcP2+3QUy7IvQlCG8TJsejE56t8AOQjG75HaS8ziN8DW0cxkcGydGaYONCdPgVjYJP6DVjTVNQJEAWsOXkHq6U03E22we7csQTUA3i7DQFy8be8DMZ5EoiTx4z7dZp7nJsaFtsqXYMGFC+L16xA/zi+GXoFyV67cgq97jeJO3FOlQ/zM5ntORT4CGMK0Gyme6pNbBPjp9cgWVB4uWgcivuNPI8p48hX/I8ixKoUbR8pytx15ndFFQrij3yfdfunbB+TpGfx/2tylrGl41Ggs3I4CPwgXIniqxsdJUyDjOdUFurMuUgk5gMaE0yOkz7uf jenkins@jenkins",
                            "region": ""
                        },
                        "meta": {},
                        "tainted": false
                    },
                    "deposed": [],
                    "provider": ""
                },
                "openstack_networking_network_v2.Infra_Network": {
                    "type": "openstack_networking_network_v2",
                    "depends_on": [],
                    "primary": {
                        "id": "2a812803-06aa-4396-bf19-7a1e64396615",
                        "attributes": {
                            "admin_state_up": "true",
                            "id": "2a812803-06aa-4396-bf19-7a1e64396615",
                            "name": "Infra_Network",
                            "region": "",
                            "shared": "false",
                            "tenant_id": "f0e9879f72ad4845859696bb19ad0733"
                        },
                        "meta": {},
                        "tainted": false
                    },
                    "deposed": [],
                    "provider": ""
                },
                "openstack_networking_router_interface_v2.Infra_Router_Infra_Network": {
                    "type": "openstack_networking_router_interface_v2",
                    "depends_on": [
                        "openstack_networking_router_v2.Infra_Router",
                        "openstack_networking_subnet_v2.Infra_Subnet"
                    ],
                    "primary": {
                        "id": "c9bde58b-39cd-42ad-af5e-a4da7f6e1d7b",
                        "attributes": {
                            "id": "c9bde58b-39cd-42ad-af5e-a4da7f6e1d7b",
                            "router_id": "4a6a923a-efbe-4f5b-8dac-cde19ef2a60c",
                            "subnet_id": "36500db2-60fc-4500-91a0-aaac0f365860"
                        },
                        "meta": {},
                        "tainted": false
                    },
                    "deposed": [],
                    "provider": ""
                },
                "openstack_networking_router_v2.Infra_Router": {
                    "type": "openstack_networking_router_v2",
                    "depends_on": [],
                    "primary": {
                        "id": "4a6a923a-efbe-4f5b-8dac-cde19ef2a60c",
                        "attributes": {
                            "admin_state_up": "true",
                            "distributed": "false",
                            "external_gateway": "d5c89e0d-75e0-4806-867a-19ece99226f0",
                            "id": "4a6a923a-efbe-4f5b-8dac-cde19ef2a60c",
                            "name": "Infra-Router",
                            "tenant_id": "f0e9879f72ad4845859696bb19ad0733"
                        },
                        "meta": {},
                        "tainted": false
                    },
                    "deposed": [],
                    "provider": ""
                },
                "openstack_networking_subnet_v2.Infra_Subnet": {
                    "type": "openstack_networking_subnet_v2",
                    "depends_on": [
                        "openstack_networking_network_v2.Infra_Network"
                    ],
                    "primary": {
                        "id": "36500db2-60fc-4500-91a0-aaac0f365860",
                        "attributes": {
                            "allocation_pools.#": "1",
                            "allocation_pools.0.end": "10.1.1.254",
                            "allocation_pools.0.start": "10.1.1.2",
                            "cidr": "10.1.1.0/24",
                            "dns_nameservers.#": "2",
                            "dns_nameservers.3348221913": "10.20.20.1",
                            "dns_nameservers.3817307869": "8.8.8.8",
                            "enable_dhcp": "true",
                            "gateway_ip": "10.1.1.1",
                            "host_routes.#": "0",
                            "id": "36500db2-60fc-4500-91a0-aaac0f365860",
                            "ip_version": "4",
                            "name": "Infra_Subnet",
                            "network_id": "2a812803-06aa-4396-bf19-7a1e64396615",
                            "region": "",
                            "tenant_id": "f0e9879f72ad4845859696bb19ad0733"
                        },
                        "meta": {},
                        "tainted": false
                    },
                    "deposed": [],
                    "provider": ""
                }
            },
            "depends_on": []
        },
        {
            "path": [
                "root",
                "slave-worker-pair2"
            ],
            "outputs": {
                "FIPs": {
                    "sensitive": false,
                    "type": "list",
                    "value": [
                        "10.40.207.242"
                    ]
                },
                "SlaveIps": {
                    "sensitive": false,
                    "type": "list",
                    "value": [
                        "10.1.1.4"
                    ]
                },
                "WorkerIps": {
                    "sensitive": false,
                    "type": "list",
                    "value": [
                        "10.1.1.3"
                    ]
                }
            },
            "resources": {
                "openstack_compute_floatingip_v2.Slave1_ip": {
                    "type": "openstack_compute_floatingip_v2",
                    "depends_on": [
                        "openstack_networking_network_v2.Infra_Network",
                        "openstack_networking_router_interface_v2.Infra_Router_Infra_Network",
                        "openstack_networking_router_v2.Infra_Router",
                        "openstack_networking_subnet_v2.Infra_Subnet"
                    ],
                    "primary": {
                        "id": "1cded83a-5402-407a-b460-1bb1b58e6f45",
                        "attributes": {
                            "address": "10.40.207.242",
                            "fixed_ip": "",
                            "id": "1cded83a-5402-407a-b460-1bb1b58e6f45",
                            "instance_id": "",
                            "pool": "ext-net",
                            "region": ""
                        },
                        "meta": {},
                        "tainted": false
                    },
                    "deposed": [],
                    "provider": ""
                },
                "openstack_compute_instance_v2.Slave1": {
                    "type": "openstack_compute_instance_v2",
                    "depends_on": [
                        "openstack_compute_floatingip_v2.Slave1_ip",
                        "openstack_compute_floatingip_v2.Slave1_ip",
                        "openstack_compute_keypair_v2.keypair",
                        "openstack_networking_network_v2.Infra_Network",
                        "openstack_networking_network_v2.Infra_Network",
                        "openstack_networking_router_interface_v2.Infra_Router_Infra_Network",
                        "openstack_networking_router_v2.Infra_Router",
                        "openstack_networking_subnet_v2.Infra_Subnet"
                    ],
                    "primary": {
                        "id": "c8998fca-3764-4f3d-881f-da7b9985d3ec",
                        "attributes": {
                            "access_ip_v4": "10.1.1.4",
                            "access_ip_v6": "",
                            "flavor_id": "f6aaeecf-ffb5-4feb-93f5-50d3c28f0712",
                            "flavor_name": "Dev-4vcpu-16mem-250Gb",
                            "id": "c8998fca-3764-4f3d-881f-da7b9985d3ec",
                            "image_id": "728d255d-7d19-4c0b-a235-1c6eb3130057",
                            "image_name": "ubuntu-dev01",
                            "key_pair": "jenkins_server2",
                            "metadata.%": "0",
                            "name": "Slave02",
                            "network.#": "1",
                            "network.0.access_network": "false",
                            "network.0.fixed_ip_v4": "10.1.1.4",
                            "network.0.fixed_ip_v6": "",
                            "network.0.floating_ip": "10.40.207.242",
                            "network.0.mac": "fa:16:3e:0b:7e:ab",
                            "network.0.name": "Infra_Network",
                            "network.0.port": "",
                            "network.0.uuid": "2a812803-06aa-4396-bf19-7a1e64396615",
                            "security_groups.#": "1",
                            "security_groups.3814588639": "default",
                            "stop_before_destroy": "false",
                            "volume.#": "0"
                        },
                        "meta": {},
                        "tainted": false
                    },
                    "deposed": [],
                    "provider": ""
                },
                "openstack_compute_instance_v2.Worker1": {
                    "type": "openstack_compute_instance_v2",
                    "depends_on": [
                        "openstack_compute_keypair_v2.keypair",
                        "openstack_networking_network_v2.Infra_Network",
                        "openstack_networking_network_v2.Infra_Network",
                        "openstack_networking_router_interface_v2.Infra_Router_Infra_Network",
                        "openstack_networking_router_v2.Infra_Router",
                        "openstack_networking_subnet_v2.Infra_Subnet"
                    ],
                    "primary": {
                        "id": "68d9523d-0e2b-4c8d-82ec-7e8fbaf9fdde",
                        "attributes": {
                            "access_ip_v4": "10.1.1.3",
                            "access_ip_v6": "",
                            "flavor_id": "2554892a-b804-4223-892f-09eeaf5f742d",
                            "flavor_name": "ESXi-4vcpu-32mem-50gb",
                            "id": "68d9523d-0e2b-4c8d-82ec-7e8fbaf9fdde",
                            "image_id": "a6b5495f-046c-42d5-84be-3572d8c9f463",
                            "image_name": "esxi-6.0-u2-4192238",
                            "metadata.%": "0",
                            "name": "Worker02",
                            "network.#": "1",
                            "network.0.access_network": "false",
                            "network.0.fixed_ip_v4": "10.1.1.3",
                            "network.0.fixed_ip_v6": "",
                            "network.0.floating_ip": "",
                            "network.0.mac": "fa:16:3e:d9:eb:47",
                            "network.0.name": "Infra_Network",
                            "network.0.port": "",
                            "network.0.uuid": "2a812803-06aa-4396-bf19-7a1e64396615",
                            "security_groups.#": "1",
                            "security_groups.3814588639": "default",
                            "stop_before_destroy": "false",
                            "volume.#": "0"
                        },
                        "meta": {},
                        "tainted": false
                    },
                    "deposed": [],
                    "provider": ""
                },
                "openstack_compute_keypair_v2.keypair": {
                    "type": "openstack_compute_keypair_v2",
                    "depends_on": [],
                    "primary": {
                        "id": "jenkins_server2",
                        "attributes": {
                            "id": "jenkins_server2",
                            "name": "jenkins_server2",
                            "public_key": "ssh-rsa AAAAB3NzaC1yc2EAAAADAQABAAABAQCi3AA2bA7KNRexXQn97a0eGcP2+3QUy7IvQlCG8TJsejE56t8AOQjG75HaS8ziN8DW0cxkcGydGaYONCdPgVjYJP6DVjTVNQJEAWsOXkHq6U03E22we7csQTUA3i7DQFy8be8DMZ5EoiTx4z7dZp7nJsaFtsqXYMGFC+L16xA/zi+GXoFyV67cgq97jeJO3FOlQ/zM5ntORT4CGMK0Gyme6pNbBPjp9cgWVB4uWgcivuNPI8p48hX/I8ixKoUbR8pytx15ndFFQrij3yfdfunbB+TpGfx/2tylrGl41Ggs3I4CPwgXIniqxsdJUyDjOdUFurMuUgk5gMaE0yOkz7uf jenkins@jenkins",
                            "region": ""
                        },
                        "meta": {},
                        "tainted": false
                    },
                    "deposed": [],
                    "provider": ""
                },
                "openstack_networking_network_v2.Infra_Network": {
                    "type": "openstack_networking_network_v2",
                    "depends_on": [],
                    "primary": {
                        "id": "64f85d83-1c97-4373-a995-b5d6e905c56c",
                        "attributes": {
                            "admin_state_up": "true",
                            "id": "64f85d83-1c97-4373-a995-b5d6e905c56c",
                            "name": "Infra_Network",
                            "region": "",
                            "shared": "false",
                            "tenant_id": "f0e9879f72ad4845859696bb19ad0733"
                        },
                        "meta": {},
                        "tainted": false
                    },
                    "deposed": [],
                    "provider": ""
                },
                "openstack_networking_router_interface_v2.Infra_Router_Infra_Network": {
                    "type": "openstack_networking_router_interface_v2",
                    "depends_on": [
                        "openstack_networking_router_v2.Infra_Router",
                        "openstack_networking_subnet_v2.Infra_Subnet"
                    ],
                    "primary": {
                        "id": "7c7555c3-45ec-47e3-8ac7-fd5231c9aa0b",
                        "attributes": {
                            "id": "7c7555c3-45ec-47e3-8ac7-fd5231c9aa0b",
                            "router_id": "d5ff8e7f-3795-4a84-8c08-e3e591ada2bf",
                            "subnet_id": "88dab626-72f4-498a-9191-0c69e35e6b40"
                        },
                        "meta": {},
                        "tainted": false
                    },
                    "deposed": [],
                    "provider": ""
                },
                "openstack_networking_router_v2.Infra_Router": {
                    "type": "openstack_networking_router_v2",
                    "depends_on": [],
                    "primary": {
                        "id": "d5ff8e7f-3795-4a84-8c08-e3e591ada2bf",
                        "attributes": {
                            "admin_state_up": "true",
                            "distributed": "false",
                            "external_gateway": "d5c89e0d-75e0-4806-867a-19ece99226f0",
                            "id": "d5ff8e7f-3795-4a84-8c08-e3e591ada2bf",
                            "name": "Infra-Router",
                            "tenant_id": "f0e9879f72ad4845859696bb19ad0733"
                        },
                        "meta": {},
                        "tainted": false
                    },
                    "deposed": [],
                    "provider": ""
                },
                "openstack_networking_subnet_v2.Infra_Subnet": {
                    "type": "openstack_networking_subnet_v2",
                    "depends_on": [
                        "openstack_networking_network_v2.Infra_Network"
                    ],
                    "primary": {
                        "id": "88dab626-72f4-498a-9191-0c69e35e6b40",
                        "attributes": {
                            "allocation_pools.#": "1",
                            "allocation_pools.0.end": "10.1.1.254",
                            "allocation_pools.0.start": "10.1.1.2",
                            "cidr": "10.1.1.0/24",
                            "dns_nameservers.#": "2",
                            "dns_nameservers.3348221913": "10.20.20.1",
                            "dns_nameservers.3817307869": "8.8.8.8",
                            "enable_dhcp": "true",
                            "gateway_ip": "10.1.1.1",
                            "host_routes.#": "0",
                            "id": "88dab626-72f4-498a-9191-0c69e35e6b40",
                            "ip_version": "4",
                            "name": "Infra_Subnet",
                            "network_id": "64f85d83-1c97-4373-a995-b5d6e905c56c",
                            "region": "",
                            "tenant_id": "f0e9879f72ad4845859696bb19ad0733"
                        },
                        "meta": {},
                        "tainted": false
                    },
                    "deposed": [],
                    "provider": ""
                }
            },
            "depends_on": []
        }
    ]
}
