{
    "version": 3,
    "terraform_version": "0.8.6",
    "serial": 79,
    "lineage": "f3657819-2176-4731-8e9f-2d0bea2f37b2",
    "modules": [
        {
            "path": [
                "root"
            ],
            "outputs": {
                "out": {
                    "sensitive": false,
                    "type": "list",
                    "value": [
                        "10.40.207.227",
                        "10.40.207.228"
                    ]
                }
            },
            "resources": {
                "openstack_compute_floatingip_v2.Slave1_ip.0": {
                    "type": "openstack_compute_floatingip_v2",
                    "depends_on": [
                        "openstack_networking_network_v2.Infra_Network",
                        "openstack_networking_router_interface_v2.Infra_Router_Infra_Network",
                        "openstack_networking_router_v2.Infra_Router",
                        "openstack_networking_subnet_v2.Infra_Subnet"
                    ],
                    "primary": {
                        "id": "38646aca-ddd9-4ee5-a9d4-f1a80bbfe9fd",
                        "attributes": {
                            "address": "10.40.207.227",
                            "fixed_ip": "",
                            "id": "38646aca-ddd9-4ee5-a9d4-f1a80bbfe9fd",
                            "instance_id": "",
                            "pool": "ext-net",
                            "region": ""
                        },
                        "meta": {},
                        "tainted": false
                    },
                    "deposed": [],
                    "provider": ""
                },
                "openstack_compute_floatingip_v2.Slave1_ip.1": {
                    "type": "openstack_compute_floatingip_v2",
                    "depends_on": [
                        "openstack_networking_network_v2.Infra_Network",
                        "openstack_networking_router_interface_v2.Infra_Router_Infra_Network",
                        "openstack_networking_router_v2.Infra_Router",
                        "openstack_networking_subnet_v2.Infra_Subnet"
                    ],
                    "primary": {
                        "id": "14a0b0bc-e48e-4558-af83-6271e24351a4",
                        "attributes": {
                            "address": "10.40.207.228",
                            "fixed_ip": "",
                            "id": "14a0b0bc-e48e-4558-af83-6271e24351a4",
                            "instance_id": "",
                            "pool": "ext-net",
                            "region": ""
                        },
                        "meta": {},
                        "tainted": false
                    },
                    "deposed": [],
                    "provider": ""
                },
                "openstack_compute_instance_v2.Slave1.0": {
                    "type": "openstack_compute_instance_v2",
                    "depends_on": [
                        "openstack_compute_floatingip_v2.Slave1_ip",
                        "openstack_compute_floatingip_v2.Slave1_ip",
                        "openstack_compute_keypair_v2.jenkins_master",
                        "openstack_networking_network_v2.Infra_Network",
                        "openstack_networking_network_v2.Infra_Network",
                        "openstack_networking_router_interface_v2.Infra_Router_Infra_Network",
                        "openstack_networking_router_v2.Infra_Router",
                        "openstack_networking_subnet_v2.Infra_Subnet"
                    ],
                    "primary": {
                        "id": "da8264b5-b4be-44c6-8a0b-39f6d99d2c09",
                        "attributes": {
                            "access_ip_v4": "10.1.1.6",
                            "access_ip_v6": "",
                            "flavor_id": "f6aaeecf-ffb5-4feb-93f5-50d3c28f0712",
                            "flavor_name": "Dev-4vcpu-16mem-250Gb",
                            "id": "da8264b5-b4be-44c6-8a0b-39f6d99d2c09",
                            "image_id": "728d255d-7d19-4c0b-a235-1c6eb3130057",
                            "image_name": "ubuntu-dev01",
                            "key_pair": "jenkins_master",
                            "metadata.%": "0",
                            "name": "slave1",
                            "network.#": "1",
                            "network.0.access_network": "false",
                            "network.0.fixed_ip_v4": "10.1.1.6",
                            "network.0.fixed_ip_v6": "",
                            "network.0.floating_ip": "10.40.207.227",
                            "network.0.mac": "fa:16:3e:9a:06:db",
                            "network.0.name": "Infra_Network",
                            "network.0.port": "",
                            "network.0.uuid": "e0e8aa5d-add4-4438-965b-44bdd122f144",
                            "security_groups.#": "1",
                            "security_groups.3814588639": "default",
                            "stop_before_destroy": "false",
                            "volume.#": "0"
                        },
                        "meta": {},
                        "tainted": false
                    },
                    "deposed": [],
                    "provider": ""
                },
                "openstack_compute_instance_v2.Slave1.1": {
                    "type": "openstack_compute_instance_v2",
                    "depends_on": [
                        "openstack_compute_floatingip_v2.Slave1_ip",
                        "openstack_compute_floatingip_v2.Slave1_ip",
                        "openstack_compute_keypair_v2.jenkins_master",
                        "openstack_networking_network_v2.Infra_Network",
                        "openstack_networking_network_v2.Infra_Network",
                        "openstack_networking_router_interface_v2.Infra_Router_Infra_Network",
                        "openstack_networking_router_v2.Infra_Router",
                        "openstack_networking_subnet_v2.Infra_Subnet"
                    ],
                    "primary": {
                        "id": "9583e1dc-8b5f-4a27-9768-f44a88777946",
                        "attributes": {
                            "access_ip_v4": "10.1.1.5",
                            "access_ip_v6": "",
                            "flavor_id": "f6aaeecf-ffb5-4feb-93f5-50d3c28f0712",
                            "flavor_name": "Dev-4vcpu-16mem-250Gb",
                            "id": "9583e1dc-8b5f-4a27-9768-f44a88777946",
                            "image_id": "728d255d-7d19-4c0b-a235-1c6eb3130057",
                            "image_name": "ubuntu-dev01",
                            "key_pair": "jenkins_master",
                            "metadata.%": "0",
                            "name": "slave1",
                            "network.#": "1",
                            "network.0.access_network": "false",
                            "network.0.fixed_ip_v4": "10.1.1.5",
                            "network.0.fixed_ip_v6": "",
                            "network.0.floating_ip": "10.40.207.228",
                            "network.0.mac": "fa:16:3e:ca:be:0e",
                            "network.0.name": "Infra_Network",
                            "network.0.port": "",
                            "network.0.uuid": "e0e8aa5d-add4-4438-965b-44bdd122f144",
                            "security_groups.#": "1",
                            "security_groups.3814588639": "default",
                            "stop_before_destroy": "false",
                            "volume.#": "0"
                        },
                        "meta": {},
                        "tainted": false
                    },
                    "deposed": [],
                    "provider": ""
                },
                "openstack_compute_instance_v2.Worker1.0": {
                    "type": "openstack_compute_instance_v2",
                    "depends_on": [
                        "openstack_compute_keypair_v2.jenkins_master",
                        "openstack_networking_network_v2.Infra_Network",
                        "openstack_networking_network_v2.Infra_Network",
                        "openstack_networking_router_interface_v2.Infra_Router_Infra_Network",
                        "openstack_networking_router_v2.Infra_Router",
                        "openstack_networking_subnet_v2.Infra_Subnet"
                    ],
                    "primary": {
                        "id": "2f8003e4-b76b-4378-acad-1f33b2131ab0",
                        "attributes": {
                            "access_ip_v4": "10.1.1.3",
                            "access_ip_v6": "",
                            "flavor_id": "2554892a-b804-4223-892f-09eeaf5f742d",
                            "flavor_name": "ESXi-4vcpu-32mem-50gb",
                            "id": "2f8003e4-b76b-4378-acad-1f33b2131ab0",
                            "image_id": "a6b5495f-046c-42d5-84be-3572d8c9f463",
                            "image_name": "esxi-6.0-u2-4192238",
                            "metadata.%": "0",
                            "name": "worker1",
                            "network.#": "1",
                            "network.0.access_network": "false",
                            "network.0.fixed_ip_v4": "10.1.1.3",
                            "network.0.fixed_ip_v6": "",
                            "network.0.floating_ip": "",
                            "network.0.mac": "fa:16:3e:b8:71:94",
                            "network.0.name": "Infra_Network",
                            "network.0.port": "",
                            "network.0.uuid": "e0e8aa5d-add4-4438-965b-44bdd122f144",
                            "security_groups.#": "1",
                            "security_groups.3814588639": "default",
                            "stop_before_destroy": "false",
                            "volume.#": "0"
                        },
                        "meta": {},
                        "tainted": false
                    },
                    "deposed": [],
                    "provider": ""
                },
                "openstack_compute_instance_v2.Worker1.1": {
                    "type": "openstack_compute_instance_v2",
                    "depends_on": [
                        "openstack_compute_keypair_v2.jenkins_master",
                        "openstack_networking_network_v2.Infra_Network",
                        "openstack_networking_network_v2.Infra_Network",
                        "openstack_networking_router_interface_v2.Infra_Router_Infra_Network",
                        "openstack_networking_router_v2.Infra_Router",
                        "openstack_networking_subnet_v2.Infra_Subnet"
                    ],
                    "primary": {
                        "id": "4cf1d78f-e0b7-4c45-9b84-a81b165b9014",
                        "attributes": {
                            "access_ip_v4": "10.1.1.4",
                            "access_ip_v6": "",
                            "flavor_id": "2554892a-b804-4223-892f-09eeaf5f742d",
                            "flavor_name": "ESXi-4vcpu-32mem-50gb",
                            "id": "4cf1d78f-e0b7-4c45-9b84-a81b165b9014",
                            "image_id": "a6b5495f-046c-42d5-84be-3572d8c9f463",
                            "image_name": "esxi-6.0-u2-4192238",
                            "metadata.%": "0",
                            "name": "worker1",
                            "network.#": "1",
                            "network.0.access_network": "false",
                            "network.0.fixed_ip_v4": "10.1.1.4",
                            "network.0.fixed_ip_v6": "",
                            "network.0.floating_ip": "",
                            "network.0.mac": "fa:16:3e:4d:aa:55",
                            "network.0.name": "Infra_Network",
                            "network.0.port": "",
                            "network.0.uuid": "e0e8aa5d-add4-4438-965b-44bdd122f144",
                            "security_groups.#": "1",
                            "security_groups.3814588639": "default",
                            "stop_before_destroy": "false",
                            "volume.#": "0"
                        },
                        "meta": {},
                        "tainted": false
                    },
                    "deposed": [],
                    "provider": ""
                },
                "openstack_compute_keypair_v2.jenkins_master": {
                    "type": "openstack_compute_keypair_v2",
                    "depends_on": [],
                    "primary": {
                        "id": "jenkins_master",
                        "attributes": {
                            "id": "jenkins_master",
                            "name": "jenkins_master",
                            "public_key": "ssh-rsa AAAAB3NzaC1yc2EAAAADAQABAAABAQCi3AA2bA7KNRexXQn97a0eGcP2+3QUy7IvQlCG8TJsejE56t8AOQjG75HaS8ziN8DW0cxkcGydGaYONCdPgVjYJP6DVjTVNQJEAWsOXkHq6U03E22we7csQTUA3i7DQFy8be8DMZ5EoiTx4z7dZp7nJsaFtsqXYMGFC+L16xA/zi+GXoFyV67cgq97jeJO3FOlQ/zM5ntORT4CGMK0Gyme6pNbBPjp9cgWVB4uWgcivuNPI8p48hX/I8ixKoUbR8pytx15ndFFQrij3yfdfunbB+TpGfx/2tylrGl41Ggs3I4CPwgXIniqxsdJUyDjOdUFurMuUgk5gMaE0yOkz7uf jenkins@jenkins",
                            "region": ""
                        },
                        "meta": {},
                        "tainted": false
                    },
                    "deposed": [],
                    "provider": ""
                },
                "openstack_networking_network_v2.Infra_Network": {
                    "type": "openstack_networking_network_v2",
                    "depends_on": [],
                    "primary": {
                        "id": "e0e8aa5d-add4-4438-965b-44bdd122f144",
                        "attributes": {
                            "admin_state_up": "true",
                            "id": "e0e8aa5d-add4-4438-965b-44bdd122f144",
                            "name": "Infra_Network",
                            "region": "",
                            "shared": "false",
                            "tenant_id": "f0e9879f72ad4845859696bb19ad0733"
                        },
                        "meta": {},
                        "tainted": false
                    },
                    "deposed": [],
                    "provider": ""
                },
                "openstack_networking_router_interface_v2.Infra_Router_Infra_Network": {
                    "type": "openstack_networking_router_interface_v2",
                    "depends_on": [
                        "openstack_networking_router_v2.Infra_Router",
                        "openstack_networking_subnet_v2.Infra_Subnet"
                    ],
                    "primary": {
                        "id": "6b72ba4e-0301-4d99-869a-c14b2eb10f22",
                        "attributes": {
                            "id": "6b72ba4e-0301-4d99-869a-c14b2eb10f22",
                            "router_id": "98c934ee-7d5a-481e-982c-d8a930f214f7",
                            "subnet_id": "bbcc4bb9-99e4-419a-9f0e-d8a55bfd43ad"
                        },
                        "meta": {},
                        "tainted": false
                    },
                    "deposed": [],
                    "provider": ""
                },
                "openstack_networking_router_v2.Infra_Router": {
                    "type": "openstack_networking_router_v2",
                    "depends_on": [],
                    "primary": {
                        "id": "98c934ee-7d5a-481e-982c-d8a930f214f7",
                        "attributes": {
                            "admin_state_up": "true",
                            "distributed": "false",
                            "external_gateway": "d5c89e0d-75e0-4806-867a-19ece99226f0",
                            "id": "98c934ee-7d5a-481e-982c-d8a930f214f7",
                            "name": "Infra-Router",
                            "tenant_id": "f0e9879f72ad4845859696bb19ad0733"
                        },
                        "meta": {},
                        "tainted": false
                    },
                    "deposed": [],
                    "provider": ""
                },
                "openstack_networking_subnet_v2.Infra_Subnet": {
                    "type": "openstack_networking_subnet_v2",
                    "depends_on": [
                        "openstack_networking_network_v2.Infra_Network"
                    ],
                    "primary": {
                        "id": "bbcc4bb9-99e4-419a-9f0e-d8a55bfd43ad",
                        "attributes": {
                            "allocation_pools.#": "1",
                            "allocation_pools.0.end": "10.1.1.254",
                            "allocation_pools.0.start": "10.1.1.2",
                            "cidr": "10.1.1.0/24",
                            "dns_nameservers.#": "2",
                            "dns_nameservers.3348221913": "10.20.20.1",
                            "dns_nameservers.3817307869": "8.8.8.8",
                            "enable_dhcp": "true",
                            "gateway_ip": "10.1.1.1",
                            "host_routes.#": "0",
                            "id": "bbcc4bb9-99e4-419a-9f0e-d8a55bfd43ad",
                            "ip_version": "4",
                            "name": "Infra_Subnet",
                            "network_id": "e0e8aa5d-add4-4438-965b-44bdd122f144",
                            "region": "",
                            "tenant_id": "f0e9879f72ad4845859696bb19ad0733"
                        },
                        "meta": {},
                        "tainted": false
                    },
                    "deposed": [],
                    "provider": ""
                }
            },
            "depends_on": []
        }
    ]
}
