{
    "version": 3,
    "terraform_version": "0.8.5",
    "serial": 76,
    "lineage": "f3657819-2176-4731-8e9f-2d0bea2f37b2",
    "modules": [
        {
            "path": [
                "root"
            ],
            "outputs": {
                "out": {
                    "sensitive": false,
                    "type": "list",
                    "value": [
                        "10.40.207.205",
                        "10.40.207.204"
                    ]
                }
            },
            "resources": {
                "openstack_compute_floatingip_v2.Slave1_ip.0": {
                    "type": "openstack_compute_floatingip_v2",
                    "depends_on": [
                        "openstack_networking_network_v2.Infra_Network",
                        "openstack_networking_router_interface_v2.Infra_Router_Infra_Network",
                        "openstack_networking_router_v2.Infra_Router",
                        "openstack_networking_subnet_v2.Infra_Subnet"
                    ],
                    "primary": {
                        "id": "a9d96a06-97ea-4929-84bf-de782b6d6323",
                        "attributes": {
                            "address": "10.40.207.205",
                            "fixed_ip": "10.1.1.5",
                            "id": "a9d96a06-97ea-4929-84bf-de782b6d6323",
                            "instance_id": "453e8790-7b83-4548-b551-2ede01a4f0e7",
                            "pool": "ext-net",
                            "region": ""
                        },
                        "meta": {},
                        "tainted": false
                    },
                    "deposed": [],
                    "provider": ""
                },
                "openstack_compute_floatingip_v2.Slave1_ip.1": {
                    "type": "openstack_compute_floatingip_v2",
                    "depends_on": [
                        "openstack_networking_network_v2.Infra_Network",
                        "openstack_networking_router_interface_v2.Infra_Router_Infra_Network",
                        "openstack_networking_router_v2.Infra_Router",
                        "openstack_networking_subnet_v2.Infra_Subnet"
                    ],
                    "primary": {
                        "id": "f5e91a7e-e43f-4fe8-8f24-b112014eebcb",
                        "attributes": {
                            "address": "10.40.207.204",
                            "fixed_ip": "10.1.1.6",
                            "id": "f5e91a7e-e43f-4fe8-8f24-b112014eebcb",
                            "instance_id": "3c35e541-5bb6-4ea7-95ce-27c0cb514678",
                            "pool": "ext-net",
                            "region": ""
                        },
                        "meta": {},
                        "tainted": false
                    },
                    "deposed": [],
                    "provider": ""
                },
                "openstack_compute_instance_v2.Slave1.0": {
                    "type": "openstack_compute_instance_v2",
                    "depends_on": [
                        "openstack_compute_floatingip_v2.Slave1_ip",
                        "openstack_compute_floatingip_v2.Slave1_ip",
                        "openstack_compute_keypair_v2.jenkins_master",
                        "openstack_networking_network_v2.Infra_Network",
                        "openstack_networking_network_v2.Infra_Network",
                        "openstack_networking_router_interface_v2.Infra_Router_Infra_Network",
                        "openstack_networking_router_v2.Infra_Router",
                        "openstack_networking_subnet_v2.Infra_Subnet"
                    ],
                    "primary": {
                        "id": "453e8790-7b83-4548-b551-2ede01a4f0e7",
                        "attributes": {
                            "access_ip_v4": "10.1.1.5",
                            "access_ip_v6": "",
                            "flavor_id": "f6aaeecf-ffb5-4feb-93f5-50d3c28f0712",
                            "flavor_name": "Dev-4vcpu-16mem-250Gb",
                            "id": "453e8790-7b83-4548-b551-2ede01a4f0e7",
                            "image_id": "728d255d-7d19-4c0b-a235-1c6eb3130057",
                            "image_name": "ubuntu-dev01",
                            "key_pair": "jenkins_master",
                            "metadata.%": "0",
                            "name": "slave1",
                            "network.#": "1",
                            "network.0.access_network": "false",
                            "network.0.fixed_ip_v4": "10.1.1.5",
                            "network.0.fixed_ip_v6": "",
                            "network.0.floating_ip": "10.40.207.205",
                            "network.0.mac": "fa:16:3e:cd:4e:f8",
                            "network.0.name": "Infra_Network",
                            "network.0.port": "",
                            "network.0.uuid": "82544ac3-9526-4d96-aa74-2b916c9ced0f",
                            "security_groups.#": "1",
                            "security_groups.3814588639": "default",
                            "stop_before_destroy": "false",
                            "volume.#": "0"
                        },
                        "meta": {},
                        "tainted": false
                    },
                    "deposed": [],
                    "provider": ""
                },
                "openstack_compute_instance_v2.Slave1.1": {
                    "type": "openstack_compute_instance_v2",
                    "depends_on": [
                        "openstack_compute_floatingip_v2.Slave1_ip",
                        "openstack_compute_floatingip_v2.Slave1_ip",
                        "openstack_compute_keypair_v2.jenkins_master",
                        "openstack_networking_network_v2.Infra_Network",
                        "openstack_networking_network_v2.Infra_Network",
                        "openstack_networking_router_interface_v2.Infra_Router_Infra_Network",
                        "openstack_networking_router_v2.Infra_Router",
                        "openstack_networking_subnet_v2.Infra_Subnet"
                    ],
                    "primary": {
                        "id": "3c35e541-5bb6-4ea7-95ce-27c0cb514678",
                        "attributes": {
                            "access_ip_v4": "10.1.1.6",
                            "access_ip_v6": "",
                            "flavor_id": "f6aaeecf-ffb5-4feb-93f5-50d3c28f0712",
                            "flavor_name": "Dev-4vcpu-16mem-250Gb",
                            "id": "3c35e541-5bb6-4ea7-95ce-27c0cb514678",
                            "image_id": "728d255d-7d19-4c0b-a235-1c6eb3130057",
                            "image_name": "ubuntu-dev01",
                            "key_pair": "jenkins_master",
                            "metadata.%": "0",
                            "name": "slave1",
                            "network.#": "1",
                            "network.0.access_network": "false",
                            "network.0.fixed_ip_v4": "10.1.1.6",
                            "network.0.fixed_ip_v6": "",
                            "network.0.floating_ip": "10.40.207.204",
                            "network.0.mac": "fa:16:3e:de:29:ba",
                            "network.0.name": "Infra_Network",
                            "network.0.port": "",
                            "network.0.uuid": "82544ac3-9526-4d96-aa74-2b916c9ced0f",
                            "security_groups.#": "1",
                            "security_groups.3814588639": "default",
                            "stop_before_destroy": "false",
                            "volume.#": "0"
                        },
                        "meta": {},
                        "tainted": false
                    },
                    "deposed": [],
                    "provider": ""
                },
                "openstack_compute_instance_v2.Worker1.0": {
                    "type": "openstack_compute_instance_v2",
                    "depends_on": [
                        "openstack_compute_keypair_v2.jenkins_master",
                        "openstack_networking_network_v2.Infra_Network",
                        "openstack_networking_network_v2.Infra_Network",
                        "openstack_networking_router_interface_v2.Infra_Router_Infra_Network",
                        "openstack_networking_router_v2.Infra_Router",
                        "openstack_networking_subnet_v2.Infra_Subnet"
                    ],
                    "primary": {
                        "id": "43148cd3-0b9e-4408-a59f-b14ac86f6104",
                        "attributes": {
                            "access_ip_v4": "10.1.1.4",
                            "access_ip_v6": "",
                            "flavor_id": "2554892a-b804-4223-892f-09eeaf5f742d",
                            "flavor_name": "ESXi-4vcpu-32mem-50gb",
                            "id": "43148cd3-0b9e-4408-a59f-b14ac86f6104",
                            "image_id": "a6b5495f-046c-42d5-84be-3572d8c9f463",
                            "image_name": "esxi-6.0-u2-4192238",
                            "metadata.%": "0",
                            "name": "worker1",
                            "network.#": "1",
                            "network.0.access_network": "false",
                            "network.0.fixed_ip_v4": "10.1.1.4",
                            "network.0.fixed_ip_v6": "",
                            "network.0.floating_ip": "",
                            "network.0.mac": "fa:16:3e:28:f9:b1",
                            "network.0.name": "Infra_Network",
                            "network.0.port": "",
                            "network.0.uuid": "82544ac3-9526-4d96-aa74-2b916c9ced0f",
                            "security_groups.#": "1",
                            "security_groups.3814588639": "default",
                            "stop_before_destroy": "false",
                            "volume.#": "0"
                        },
                        "meta": {},
                        "tainted": false
                    },
                    "deposed": [],
                    "provider": ""
                },
                "openstack_compute_instance_v2.Worker1.1": {
                    "type": "openstack_compute_instance_v2",
                    "depends_on": [
                        "openstack_compute_keypair_v2.jenkins_master",
                        "openstack_networking_network_v2.Infra_Network",
                        "openstack_networking_network_v2.Infra_Network",
                        "openstack_networking_router_interface_v2.Infra_Router_Infra_Network",
                        "openstack_networking_router_v2.Infra_Router",
                        "openstack_networking_subnet_v2.Infra_Subnet"
                    ],
                    "primary": {
                        "id": "c90a4f2a-4494-4f53-9500-5f9bd82b87f1",
                        "attributes": {
                            "access_ip_v4": "10.1.1.3",
                            "access_ip_v6": "",
                            "flavor_id": "2554892a-b804-4223-892f-09eeaf5f742d",
                            "flavor_name": "ESXi-4vcpu-32mem-50gb",
                            "id": "c90a4f2a-4494-4f53-9500-5f9bd82b87f1",
                            "image_id": "a6b5495f-046c-42d5-84be-3572d8c9f463",
                            "image_name": "esxi-6.0-u2-4192238",
                            "metadata.%": "0",
                            "name": "worker1",
                            "network.#": "1",
                            "network.0.access_network": "false",
                            "network.0.fixed_ip_v4": "10.1.1.3",
                            "network.0.fixed_ip_v6": "",
                            "network.0.floating_ip": "",
                            "network.0.mac": "fa:16:3e:8c:dd:47",
                            "network.0.name": "Infra_Network",
                            "network.0.port": "",
                            "network.0.uuid": "82544ac3-9526-4d96-aa74-2b916c9ced0f",
                            "security_groups.#": "1",
                            "security_groups.3814588639": "default",
                            "stop_before_destroy": "false",
                            "volume.#": "0"
                        },
                        "meta": {},
                        "tainted": false
                    },
                    "deposed": [],
                    "provider": ""
                },
                "openstack_compute_keypair_v2.jenkins_master": {
                    "type": "openstack_compute_keypair_v2",
                    "depends_on": [],
                    "primary": {
                        "id": "jenkins_master",
                        "attributes": {
                            "id": "jenkins_master",
                            "name": "jenkins_master",
                            "public_key": "ssh-rsa AAAAB3NzaC1yc2EAAAADAQABAAABAQCi3AA2bA7KNRexXQn97a0eGcP2+3QUy7IvQlCG8TJsejE56t8AOQjG75HaS8ziN8DW0cxkcGydGaYONCdPgVjYJP6DVjTVNQJEAWsOXkHq6U03E22we7csQTUA3i7DQFy8be8DMZ5EoiTx4z7dZp7nJsaFtsqXYMGFC+L16xA/zi+GXoFyV67cgq97jeJO3FOlQ/zM5ntORT4CGMK0Gyme6pNbBPjp9cgWVB4uWgcivuNPI8p48hX/I8ixKoUbR8pytx15ndFFQrij3yfdfunbB+TpGfx/2tylrGl41Ggs3I4CPwgXIniqxsdJUyDjOdUFurMuUgk5gMaE0yOkz7uf jenkins@jenkins",
                            "region": ""
                        },
                        "meta": {},
                        "tainted": false
                    },
                    "deposed": [],
                    "provider": ""
                },
                "openstack_networking_network_v2.Infra_Network": {
                    "type": "openstack_networking_network_v2",
                    "depends_on": [],
                    "primary": {
                        "id": "82544ac3-9526-4d96-aa74-2b916c9ced0f",
                        "attributes": {
                            "admin_state_up": "true",
                            "id": "82544ac3-9526-4d96-aa74-2b916c9ced0f",
                            "name": "Infra_Network",
                            "region": "",
                            "shared": "false",
                            "tenant_id": "f0e9879f72ad4845859696bb19ad0733"
                        },
                        "meta": {},
                        "tainted": false
                    },
                    "deposed": [],
                    "provider": ""
                },
                "openstack_networking_router_interface_v2.Infra_Router_Infra_Network": {
                    "type": "openstack_networking_router_interface_v2",
                    "depends_on": [
                        "openstack_networking_router_v2.Infra_Router",
                        "openstack_networking_subnet_v2.Infra_Subnet"
                    ],
                    "primary": {
                        "id": "a1cf6755-6b1b-4943-9282-8b2b17064433",
                        "attributes": {
                            "id": "a1cf6755-6b1b-4943-9282-8b2b17064433",
                            "router_id": "c783ec2d-d765-42fd-a4a0-0e5da8c2d810",
                            "subnet_id": "dd8d29c9-9d2f-4766-9dd9-c9de610f49c4"
                        },
                        "meta": {},
                        "tainted": false
                    },
                    "deposed": [],
                    "provider": ""
                },
                "openstack_networking_router_v2.Infra_Router": {
                    "type": "openstack_networking_router_v2",
                    "depends_on": [],
                    "primary": {
                        "id": "c783ec2d-d765-42fd-a4a0-0e5da8c2d810",
                        "attributes": {
                            "admin_state_up": "true",
                            "distributed": "false",
                            "external_gateway": "d5c89e0d-75e0-4806-867a-19ece99226f0",
                            "id": "c783ec2d-d765-42fd-a4a0-0e5da8c2d810",
                            "name": "Infra-Router",
                            "tenant_id": "f0e9879f72ad4845859696bb19ad0733"
                        },
                        "meta": {},
                        "tainted": false
                    },
                    "deposed": [],
                    "provider": ""
                },
                "openstack_networking_subnet_v2.Infra_Subnet": {
                    "type": "openstack_networking_subnet_v2",
                    "depends_on": [
                        "openstack_networking_network_v2.Infra_Network"
                    ],
                    "primary": {
                        "id": "dd8d29c9-9d2f-4766-9dd9-c9de610f49c4",
                        "attributes": {
                            "allocation_pools.#": "1",
                            "allocation_pools.0.end": "10.1.1.254",
                            "allocation_pools.0.start": "10.1.1.2",
                            "cidr": "10.1.1.0/24",
                            "dns_nameservers.#": "2",
                            "dns_nameservers.3348221913": "10.20.20.1",
                            "dns_nameservers.3817307869": "8.8.8.8",
                            "enable_dhcp": "true",
                            "gateway_ip": "10.1.1.1",
                            "host_routes.#": "0",
                            "id": "dd8d29c9-9d2f-4766-9dd9-c9de610f49c4",
                            "ip_version": "4",
                            "name": "Infra_Subnet",
                            "network_id": "82544ac3-9526-4d96-aa74-2b916c9ced0f",
                            "region": "",
                            "tenant_id": "f0e9879f72ad4845859696bb19ad0733"
                        },
                        "meta": {},
                        "tainted": false
                    },
                    "deposed": [],
                    "provider": ""
                }
            },
            "depends_on": []
        }
    ]
}
