{
    "version": 3,
    "terraform_version": "0.8.5",
    "serial": 57,
    "lineage": "f3657819-2176-4731-8e9f-2d0bea2f37b2",
    "modules": [
        {
            "path": [
                "root"
            ],
            "outputs": {},
            "resources": {
                "openstack_compute_keypair_v2.jenkins_master": {
                    "type": "openstack_compute_keypair_v2",
                    "depends_on": [],
                    "primary": {
                        "id": "jenkins_master",
                        "attributes": {
                            "id": "jenkins_master",
                            "name": "jenkins_master",
                            "public_key": "ssh-rsa AAAAB3NzaC1yc2EAAAADAQABAAABAQCnba+HYEtXoiB+X80QyTMF7/AZBpjyZEmeXQ9iRdHHCGFIgy31pSwMFDmtmPhfjbX8a/KKyM23OtnRy0xfCPu5hO+bQztymzwL+tLyCtCWSwBLR4yMCPMd+nrnWD/uoKcgF52yT8NkfcPh9uGySZoxUdcn9E1GOlWjYGyv+Pf8pb6wWJhiEx4SEON8XpuHjuKZw5FmyL7xayrpBPtNPplB5Gw87SGfRIpQ5bVmFzeZ0t0mLqOdWPGDV1hmijBRZE0xcc8nh36c3x6/bK1de++S3eVb51DnEBcpVo05JrmoCF286xdFf0yFPa1xbjF6RQuGYn8uQaJae52wpDpXw9Ex root@test",
                            "region": ""
                        },
                        "meta": {},
                        "tainted": false
                    },
                    "deposed": [],
                    "provider": ""
                },
                "openstack_networking_network_v2.Infra_Network": {
                    "type": "openstack_networking_network_v2",
                    "depends_on": [],
                    "primary": {
                        "id": "9a7c4d18-d66a-411a-8076-10ac2a416c83",
                        "attributes": {
                            "admin_state_up": "true",
                            "id": "9a7c4d18-d66a-411a-8076-10ac2a416c83",
                            "name": "Infra_Network",
                            "region": "",
                            "shared": "false",
                            "tenant_id": "f0e9879f72ad4845859696bb19ad0733"
                        },
                        "meta": {},
                        "tainted": false
                    },
                    "deposed": [],
                    "provider": ""
                },
                "openstack_networking_router_interface_v2.Infra_Router_Infra_Network": {
                    "type": "openstack_networking_router_interface_v2",
                    "depends_on": [
                        "openstack_networking_router_v2.Infra_Router",
                        "openstack_networking_subnet_v2.Infra_Subnet"
                    ],
                    "primary": {
                        "id": "971b8e2e-dbfd-4b23-b966-c21532e1c7dc",
                        "attributes": {
                            "id": "971b8e2e-dbfd-4b23-b966-c21532e1c7dc",
                            "router_id": "19b79655-24f6-4263-ad8b-0beaf9d4a7c2",
                            "subnet_id": "129ef0e8-0b2d-47a2-b7f2-73d4df32093c"
                        },
                        "meta": {},
                        "tainted": false
                    },
                    "deposed": [],
                    "provider": ""
                },
                "openstack_networking_router_v2.Infra_Router": {
                    "type": "openstack_networking_router_v2",
                    "depends_on": [],
                    "primary": {
                        "id": "19b79655-24f6-4263-ad8b-0beaf9d4a7c2",
                        "attributes": {
                            "admin_state_up": "true",
                            "distributed": "false",
                            "external_gateway": "d5c89e0d-75e0-4806-867a-19ece99226f0",
                            "id": "19b79655-24f6-4263-ad8b-0beaf9d4a7c2",
                            "name": "Infra-Router",
                            "tenant_id": "f0e9879f72ad4845859696bb19ad0733"
                        },
                        "meta": {},
                        "tainted": false
                    },
                    "deposed": [],
                    "provider": ""
                },
                "openstack_networking_subnet_v2.Infra_Subnet": {
                    "type": "openstack_networking_subnet_v2",
                    "depends_on": [
                        "openstack_networking_network_v2.Infra_Network"
                    ],
                    "primary": {
                        "id": "129ef0e8-0b2d-47a2-b7f2-73d4df32093c",
                        "attributes": {
                            "allocation_pools.#": "1",
                            "allocation_pools.0.end": "10.1.1.254",
                            "allocation_pools.0.start": "10.1.1.2",
                            "cidr": "10.1.1.0/24",
                            "dns_nameservers.#": "2",
                            "dns_nameservers.3348221913": "10.20.20.1",
                            "dns_nameservers.3817307869": "8.8.8.8",
                            "enable_dhcp": "false",
                            "gateway_ip": "10.1.1.1",
                            "host_routes.#": "0",
                            "id": "129ef0e8-0b2d-47a2-b7f2-73d4df32093c",
                            "ip_version": "4",
                            "name": "Infra_Subnet",
                            "network_id": "9a7c4d18-d66a-411a-8076-10ac2a416c83",
                            "region": "",
                            "tenant_id": "f0e9879f72ad4845859696bb19ad0733"
                        },
                        "meta": {},
                        "tainted": false
                    },
                    "deposed": [],
                    "provider": ""
                }
            },
            "depends_on": []
        }
    ]
}
